
Microsoft Visual Studio Solution File, Format Version 12.00
# Visual Studio Version 17
VisualStudioVersion = 17.8.34322.80
MinimumVisualStudioVersion = 10.0.40219.1
Project("{8BC9CEB8-8B4A-11D0-8D11-00A0C91BC942}") = "GreedyMinOps", "GreedyMinOps.vcxproj", "{B90A1300-AE70-4E27-BD4A-6AF1EC3CA112}"
EndProject
Global
	GlobalSection(SolutionConfigurationPlatforms) = preSolution
		Debug|ARM = Debug|ARM
		Debug|ARM64 = Debug|ARM64
		Debug|x64 = Debug|x64
		Debug|x86 = Debug|x86
		Release|ARM = Release|ARM
		Release|ARM64 = Release|ARM64
		Release|x64 = Release|x64
		Release|x86 = Release|x86
	EndGlobalSection
	GlobalSection(ProjectConfigurationPlatforms) = postSolution
		{B90A1300-AE70-4E27-BD4A-6AF1EC3CA112}.Debug|ARM.ActiveCfg = Debug|ARM
		{B90A1300-AE70-4E27-BD4A-6AF1EC3CA112}.Debug|ARM.Build.0 = Debug|ARM
		{B90A1300-AE70-4E27-BD4A-6AF1EC3CA112}.Debug|ARM.Deploy.0 = Debug|ARM
		{B90A1300-AE70-4E27-BD4A-6AF1EC3CA112}.Debug|ARM64.ActiveCfg = Debug|ARM64
		{B90A1300-AE70-4E27-BD4A-6AF1EC3CA112}.Debug|ARM64.Build.0 = Debug|ARM64
		{B90A1300-AE70-4E27-BD4A-6AF1EC3CA112}.Debug|ARM64.Deploy.0 = Debug|ARM64
		{B90A1300-AE70-4E27-BD4A-6AF1EC3CA112}.Debug|x64.ActiveCfg = Debug|x64
		{B90A1300-AE70-4E27-BD4A-6AF1EC3CA112}.Debug|x64.Build.0 = Debug|x64
		{B90A1300-AE70-4E27-BD4A-6AF1EC3CA112}.Debug|x64.Deploy.0 = Debug|x64
		{B90A1300-AE70-4E27-BD4A-6AF1EC3CA112}.Debug|x86.ActiveCfg = Debug|x86
		{B90A1300-AE70-4E27-BD4A-6AF1EC3CA112}.Debug|x86.Build.0 = Debug|x86
		{B90A1300-AE70-4E27-BD4A-6AF1EC3CA112}.Debug|x86.Deploy.0 = Debug|x86
		{B90A1300-AE70-4E27-BD4A-6AF1EC3CA112}.Release|ARM.ActiveCfg = Release|ARM
		{B90A1300-AE70-4E27-BD4A-6AF1EC3CA112}.Release|ARM.Build.0 = Release|ARM
		{B90A1300-AE70-4E27-BD4A-6AF1EC3CA112}.Release|ARM.Deploy.0 = Release|ARM
		{B90A1300-AE70-4E27-BD4A-6AF1EC3CA112}.Release|ARM64.ActiveCfg = Release|ARM64
		{B90A1300-AE70-4E27-BD4A-6AF1EC3CA112}.Release|ARM64.Build.0 = Release|ARM64
		{B90A1300-AE70-4E27-BD4A-6AF1EC3CA112}.Release|ARM64.Deploy.0 = Release|ARM64
		{B90A1300-AE70-4E27-BD4A-6AF1EC3CA112}.Release|x64.ActiveCfg = Release|x64
		{B90A1300-AE70-4E27-BD4A-6AF1EC3CA112}.Release|x64.Build.0 = Release|x64
		{B90A1300-AE70-4E27-BD4A-6AF1EC3CA112}.Release|x64.Deploy.0 = Release|x64
		{B90A1300-AE70-4E27-BD4A-6AF1EC3CA112}.Release|x86.ActiveCfg = Release|x86
		{B90A1300-AE70-4E27-BD4A-6AF1EC3CA112}.Release|x86.Build.0 = Release|x86
		{B90A1300-AE70-4E27-BD4A-6AF1EC3CA112}.Release|x86.Deploy.0 = Release|x86
	EndGlobalSection
	GlobalSection(SolutionProperties) = preSolution
		HideSolutionNode = FALSE
	EndGlobalSection
	GlobalSection(ExtensibilityGlobals) = postSolution
		SolutionGuid = {3033BA08-ED89-4B08-8F22-44297F5BF8F6}
	EndGlobalSection
EndGlobal
