
Microsoft Visual Studio Solution File, Format Version 12.00
# Visual Studio Version 17
VisualStudioVersion = 17.8.34322.80
MinimumVisualStudioVersion = 10.0.40219.1
Project("{FAE04EC0-301F-11D3-BF4B-00C04F79EFBC}") = "Trains", "Trains.csproj", "{E6949159-A10E-49A8-B5D1-635945D15E19}"
EndProject
Global
	GlobalSection(SolutionConfigurationPlatforms) = preSolution
		Debug|Any CPU = Debug|Any CPU
		Release|Any CPU = Release|Any CPU
	EndGlobalSection
	GlobalSection(ProjectConfigurationPlatforms) = postSolution
		{E6949159-A10E-49A8-B5D1-635945D15E19}.Debug|Any CPU.ActiveCfg = Debug|Any CPU
		{E6949159-A10E-49A8-B5D1-635945D15E19}.Debug|Any CPU.Build.0 = Debug|Any CPU
		{E6949159-A10E-49A8-B5D1-635945D15E19}.Release|Any CPU.ActiveCfg = Release|Any CPU
		{E6949159-A10E-49A8-B5D1-635945D15E19}.Release|Any CPU.Build.0 = Release|Any CPU
	EndGlobalSection
	GlobalSection(SolutionProperties) = preSolution
		HideSolutionNode = FALSE
	EndGlobalSection
	GlobalSection(ExtensibilityGlobals) = postSolution
		SolutionGuid = {397E50DD-3E0F-4C85-8A2A-3FA4B3F45648}
	EndGlobalSection
EndGlobal
