
Microsoft Visual Studio Solution File, Format Version 12.00
# Visual Studio Version 17
VisualStudioVersion = 17.8.34322.80
MinimumVisualStudioVersion = 10.0.40219.1
Project("{535C04D7-A2A5-47C7-83E0-B340A995CD1F}") = "CobolSample", "CobolSample.cblproj", "{14D882DB-CFF6-4382-BCF6-F5EFDCF266DB}"
EndProject
Global
	GlobalSection(SolutionConfigurationPlatforms) = preSolution
		Debug|Any CPU = Debug|Any CPU
		Release|Any CPU = Release|Any CPU
	EndGlobalSection
	GlobalSection(ProjectConfigurationPlatforms) = postSolution
		{14D882DB-CFF6-4382-BCF6-F5EFDCF266DB}.Debug|Any CPU.ActiveCfg = Debug|Any CPU
		{14D882DB-CFF6-4382-BCF6-F5EFDCF266DB}.Debug|Any CPU.Build.0 = Debug|Any CPU
		{14D882DB-CFF6-4382-BCF6-F5EFDCF266DB}.Release|Any CPU.ActiveCfg = Release|Any CPU
		{14D882DB-CFF6-4382-BCF6-F5EFDCF266DB}.Release|Any CPU.Build.0 = Release|Any CPU
	EndGlobalSection
	GlobalSection(SolutionProperties) = preSolution
		HideSolutionNode = FALSE
	EndGlobalSection
	GlobalSection(ExtensibilityGlobals) = postSolution
		SolutionGuid = {95E2DB18-C382-481F-9F53-7ABEA876C08F}
	EndGlobalSection
EndGlobal
